
Microsoft Visual Studio Solution File, Format Version 12.00
# Visual Studio Version 16
VisualStudioVersion = 16.0.31019.35
MinimumVisualStudioVersion = 10.0.40219.1
Project("{FAE04EC0-301F-11D3-BF4B-00C04F79EFBC}") = "MorseCode", "MorseCode.csproj", "{3575050E-6A5A-4C3A-A8A2-FF32A1A3FE73}"
EndProject
Global
	GlobalSection(SolutionConfigurationPlatforms) = preSolution
		Debug|Any CPU = Debug|Any CPU
		Release|Any CPU = Release|Any CPU
	EndGlobalSection
	GlobalSection(ProjectConfigurationPlatforms) = postSolution
		{3575050E-6A5A-4C3A-A8A2-FF32A1A3FE73}.Debug|Any CPU.ActiveCfg = Debug|Any CPU
		{3575050E-6A5A-4C3A-A8A2-FF32A1A3FE73}.Debug|Any CPU.Build.0 = Debug|Any CPU
		{3575050E-6A5A-4C3A-A8A2-FF32A1A3FE73}.Release|Any CPU.ActiveCfg = Release|Any CPU
		{3575050E-6A5A-4C3A-A8A2-FF32A1A3FE73}.Release|Any CPU.Build.0 = Release|Any CPU
	EndGlobalSection
	GlobalSection(SolutionProperties) = preSolution
		HideSolutionNode = FALSE
	EndGlobalSection
	GlobalSection(ExtensibilityGlobals) = postSolution
		SolutionGuid = {FAC217C7-C8A5-4476-9432-BED3F6F5B1B3}
	EndGlobalSection
EndGlobal
